
Microsoft Visual Studio Solution File, Format Version 12.00
# Visual Studio 2012
Project("{FAE04EC0-301F-11D3-BF4B-00C04F79EFBC}") = "ffsx", "ffsx\ffsx.csproj", "{6EED8B76-D254-4E7B-A53E-E79D61502DDC}"
EndProject
Global
	GlobalSection(SolutionConfigurationPlatforms) = preSolution
		Debug|Any CPU = Debug|Any CPU
		Release|Any CPU = Release|Any CPU
	EndGlobalSection
	GlobalSection(ProjectConfigurationPlatforms) = postSolution
		{6EED8B76-D254-4E7B-A53E-E79D61502DDC}.Debug|Any CPU.ActiveCfg = Debug|Any CPU
		{6EED8B76-D254-4E7B-A53E-E79D61502DDC}.Debug|Any CPU.Build.0 = Debug|Any CPU
		{6EED8B76-D254-4E7B-A53E-E79D61502DDC}.Release|Any CPU.ActiveCfg = Release|Any CPU
		{6EED8B76-D254-4E7B-A53E-E79D61502DDC}.Release|Any CPU.Build.0 = Release|Any CPU
	EndGlobalSection
	GlobalSection(SolutionProperties) = preSolution
		HideSolutionNode = FALSE
	EndGlobalSection
EndGlobal
